
Microsoft Visual Studio Solution File, Format Version 12.00
# Visual Studio Version 16
VisualStudioVersion = 16.0.32510.428
MinimumVisualStudioVersion = 10.0.40219.1
Project("{2150E333-8FDC-42A3-9474-1A3956D46DE8}") = "Client", "Client", "{73A505B3-5813-4815-A4AF-D496D5A2E04D}"
EndProject
Project("{2150E333-8FDC-42A3-9474-1A3956D46DE8}") = "Models", "Models", "{8DA6DCC6-3929-47F9-B387-DBED75E6BA98}"
EndProject
Project("{2150E333-8FDC-42A3-9474-1A3956D46DE8}") = "Views", "Views", "{3D50EFB1-7B9C-47D2-A7D5-1E7BB89ED36B}"
EndProject
Project("{FAE04EC0-301F-11D3-BF4B-00C04F79EFBC}") = "UI", "UI\UI.csproj", "{C363CEEA-A188-4BE7-9133-34B333365D93}"
EndProject
Project("{2150E333-8FDC-42A3-9474-1A3956D46DE8}") = "Logic", "Logic", "{6CCC761D-CC65-4774-B1AB-3C4FB508B7C7}"
EndProject
Project("{2150E333-8FDC-42A3-9474-1A3956D46DE8}") = "DBManagement", "DBManagement", "{71DD0A22-051A-40D2-9D0D-0A04DBDB83F9}"
EndProject
Project("{9A19103F-16F7-4668-BE54-9A1E7A4F7556}") = "threadEx", "threadEx\threadEx.csproj", "{B2BF0052-2C5B-4725-B23A-739F554FDD7A}"
EndProject
Project("{2150E333-8FDC-42A3-9474-1A3956D46DE8}") = "TDD", "TDD", "{0A12053E-D087-45C8-9F21-F79A15B57C8D}"
EndProject
Project("{9A19103F-16F7-4668-BE54-9A1E7A4F7556}") = "Application.Test", "Application.Test\Application.Test.csproj", "{60D79FC8-6F89-4C1D-B595-E8EDCFED1449}"
EndProject
Project("{2150E333-8FDC-42A3-9474-1A3956D46DE8}") = "Presenter", "Presenter", "{0B9BD733-FB67-4850-B2AE-922A801DD345}"
EndProject
Project("{FAE04EC0-301F-11D3-BF4B-00C04F79EFBC}") = "DBManager", "DBManager\DBManager.csproj", "{DE4F872E-573A-4C30-8FFE-D8FEDD3C1679}"
EndProject
Project("{FAE04EC0-301F-11D3-BF4B-00C04F79EFBC}") = "InterfacesManager", "InterfacesManager\InterfacesManager.csproj", "{5C52C45A-4737-4E1D-A331-0FE7CBF02EC7}"
EndProject
Project("{FAE04EC0-301F-11D3-BF4B-00C04F79EFBC}") = "PresenterManager", "PresenterManager\PresenterManager.csproj", "{485E6E14-A7D0-4F3A-8985-8E89F617814D}"
EndProject
Project("{FAE04EC0-301F-11D3-BF4B-00C04F79EFBC}") = "ModellManager", "ModellManager\ModellManager.csproj", "{3037B787-25A3-4ACC-B6AA-1467F8D2F0F7}"
EndProject
Global
	GlobalSection(SolutionConfigurationPlatforms) = preSolution
		Debug|Any CPU = Debug|Any CPU
		Release|Any CPU = Release|Any CPU
	EndGlobalSection
	GlobalSection(ProjectConfigurationPlatforms) = postSolution
		{C363CEEA-A188-4BE7-9133-34B333365D93}.Debug|Any CPU.ActiveCfg = Debug|Any CPU
		{C363CEEA-A188-4BE7-9133-34B333365D93}.Debug|Any CPU.Build.0 = Debug|Any CPU
		{C363CEEA-A188-4BE7-9133-34B333365D93}.Release|Any CPU.ActiveCfg = Release|Any CPU
		{C363CEEA-A188-4BE7-9133-34B333365D93}.Release|Any CPU.Build.0 = Release|Any CPU
		{B2BF0052-2C5B-4725-B23A-739F554FDD7A}.Debug|Any CPU.ActiveCfg = Debug|Any CPU
		{B2BF0052-2C5B-4725-B23A-739F554FDD7A}.Debug|Any CPU.Build.0 = Debug|Any CPU
		{B2BF0052-2C5B-4725-B23A-739F554FDD7A}.Release|Any CPU.ActiveCfg = Release|Any CPU
		{B2BF0052-2C5B-4725-B23A-739F554FDD7A}.Release|Any CPU.Build.0 = Release|Any CPU
		{60D79FC8-6F89-4C1D-B595-E8EDCFED1449}.Debug|Any CPU.ActiveCfg = Debug|Any CPU
		{60D79FC8-6F89-4C1D-B595-E8EDCFED1449}.Debug|Any CPU.Build.0 = Debug|Any CPU
		{60D79FC8-6F89-4C1D-B595-E8EDCFED1449}.Release|Any CPU.ActiveCfg = Release|Any CPU
		{60D79FC8-6F89-4C1D-B595-E8EDCFED1449}.Release|Any CPU.Build.0 = Release|Any CPU
		{DE4F872E-573A-4C30-8FFE-D8FEDD3C1679}.Debug|Any CPU.ActiveCfg = Debug|Any CPU
		{DE4F872E-573A-4C30-8FFE-D8FEDD3C1679}.Debug|Any CPU.Build.0 = Debug|Any CPU
		{DE4F872E-573A-4C30-8FFE-D8FEDD3C1679}.Release|Any CPU.ActiveCfg = Release|Any CPU
		{DE4F872E-573A-4C30-8FFE-D8FEDD3C1679}.Release|Any CPU.Build.0 = Release|Any CPU
		{5C52C45A-4737-4E1D-A331-0FE7CBF02EC7}.Debug|Any CPU.ActiveCfg = Debug|Any CPU
		{5C52C45A-4737-4E1D-A331-0FE7CBF02EC7}.Debug|Any CPU.Build.0 = Debug|Any CPU
		{5C52C45A-4737-4E1D-A331-0FE7CBF02EC7}.Release|Any CPU.ActiveCfg = Release|Any CPU
		{5C52C45A-4737-4E1D-A331-0FE7CBF02EC7}.Release|Any CPU.Build.0 = Release|Any CPU
		{485E6E14-A7D0-4F3A-8985-8E89F617814D}.Debug|Any CPU.ActiveCfg = Debug|Any CPU
		{485E6E14-A7D0-4F3A-8985-8E89F617814D}.Debug|Any CPU.Build.0 = Debug|Any CPU
		{485E6E14-A7D0-4F3A-8985-8E89F617814D}.Release|Any CPU.ActiveCfg = Release|Any CPU
		{485E6E14-A7D0-4F3A-8985-8E89F617814D}.Release|Any CPU.Build.0 = Release|Any CPU
		{3037B787-25A3-4ACC-B6AA-1467F8D2F0F7}.Debug|Any CPU.ActiveCfg = Debug|Any CPU
		{3037B787-25A3-4ACC-B6AA-1467F8D2F0F7}.Debug|Any CPU.Build.0 = Debug|Any CPU
		{3037B787-25A3-4ACC-B6AA-1467F8D2F0F7}.Release|Any CPU.ActiveCfg = Release|Any CPU
		{3037B787-25A3-4ACC-B6AA-1467F8D2F0F7}.Release|Any CPU.Build.0 = Release|Any CPU
	EndGlobalSection
	GlobalSection(SolutionProperties) = preSolution
		HideSolutionNode = FALSE
	EndGlobalSection
	GlobalSection(NestedProjects) = preSolution
		{C363CEEA-A188-4BE7-9133-34B333365D93} = {73A505B3-5813-4815-A4AF-D496D5A2E04D}
		{71DD0A22-051A-40D2-9D0D-0A04DBDB83F9} = {6CCC761D-CC65-4774-B1AB-3C4FB508B7C7}
		{B2BF0052-2C5B-4725-B23A-739F554FDD7A} = {0A12053E-D087-45C8-9F21-F79A15B57C8D}
		{60D79FC8-6F89-4C1D-B595-E8EDCFED1449} = {0A12053E-D087-45C8-9F21-F79A15B57C8D}
		{0B9BD733-FB67-4850-B2AE-922A801DD345} = {6CCC761D-CC65-4774-B1AB-3C4FB508B7C7}
		{DE4F872E-573A-4C30-8FFE-D8FEDD3C1679} = {71DD0A22-051A-40D2-9D0D-0A04DBDB83F9}
		{5C52C45A-4737-4E1D-A331-0FE7CBF02EC7} = {3D50EFB1-7B9C-47D2-A7D5-1E7BB89ED36B}
		{485E6E14-A7D0-4F3A-8985-8E89F617814D} = {0B9BD733-FB67-4850-B2AE-922A801DD345}
		{3037B787-25A3-4ACC-B6AA-1467F8D2F0F7} = {8DA6DCC6-3929-47F9-B387-DBED75E6BA98}
	EndGlobalSection
	GlobalSection(ExtensibilityGlobals) = postSolution
		SolutionGuid = {CF04229E-1FAF-4136-A1D7-714E29517819}
	EndGlobalSection
EndGlobal
